dependencies:
- name: horizon-starlight
  repository: oci://ghcr.io/telekom/o28m-charts
  version: 1.0.0-ci-semantic-release
- name: horizon-galaxy
  repository: oci://ghcr.io/telekom/o28m-charts
  version: 1.0.0-ci-semantic-release
- name: horizon-comet
  repository: oci://ghcr.io/telekom/o28m-charts
  version: 1.0.0-ci-semantic-release
- name: horizon-vortex
  repository: oci://ghcr.io/telekom/o28m-charts
  version: 1.0.0-ci-semantic-release
- name: horizon-pulsar
  repository: oci://ghcr.io/telekom/o28m-charts
  version: 1.0.0-ci-semantic-release
digest: sha256:b775ed0b52ed400c9a1f08d7caf3d5e0f2f1d9bfeaf35e8289c96f8addf44125
generated: "2025-05-28T17:36:27.4496983+02:00"
